
Microsoft Visual Studio Solution File, Format Version 12.00
# Visual Studio 2015
Project("{FAE04EC0-301F-11D3-BF4B-00C04F79EFBC}") = "HoloWorld", "HoloWorld.csproj", "{350746D4-9AF3-8FA3-799F-3C9B5137B091}"
EndProject
Project("{FAE04EC0-301F-11D3-BF4B-00C04F79EFBC}") = "HoloWorld.Editor", "HoloWorld.Editor.csproj", "{C68BE953-49E8-448D-61CD-0FA1B55C2227}"
EndProject
Global
	GlobalSection(SolutionConfigurationPlatforms) = preSolution
		Debug|Any CPU = Debug|Any CPU
		Release|Any CPU = Release|Any CPU
	EndGlobalSection
	GlobalSection(ProjectConfigurationPlatforms) = postSolution
		{350746D4-9AF3-8FA3-799F-3C9B5137B091}.Debug|Any CPU.ActiveCfg = Debug|Any CPU
		{350746D4-9AF3-8FA3-799F-3C9B5137B091}.Debug|Any CPU.Build.0 = Debug|Any CPU
		{350746D4-9AF3-8FA3-799F-3C9B5137B091}.Release|Any CPU.ActiveCfg = Release|Any CPU
		{350746D4-9AF3-8FA3-799F-3C9B5137B091}.Release|Any CPU.Build.0 = Release|Any CPU
		{C68BE953-49E8-448D-61CD-0FA1B55C2227}.Debug|Any CPU.ActiveCfg = Debug|Any CPU
		{C68BE953-49E8-448D-61CD-0FA1B55C2227}.Debug|Any CPU.Build.0 = Debug|Any CPU
		{C68BE953-49E8-448D-61CD-0FA1B55C2227}.Release|Any CPU.ActiveCfg = Release|Any CPU
		{C68BE953-49E8-448D-61CD-0FA1B55C2227}.Release|Any CPU.Build.0 = Release|Any CPU
	EndGlobalSection
	GlobalSection(SolutionProperties) = preSolution
		HideSolutionNode = FALSE
	EndGlobalSection
EndGlobal
